
Microsoft Visual Studio Solution File, Format Version 12.00
# Visual Studio Version 17
VisualStudioVersion = 17.12.35527.113 d17.12
MinimumVisualStudioVersion = 10.0.40219.1
Project("{FAE04EC0-301F-11D3-BF4B-00C04F79EFBC}") = "CPUSchedulingSimulator", "CPUSchedulingSimulator\CPUSchedulingSimulator.csproj", "{DC239497-66DB-4595-AC1A-0175D5E3919E}"
EndProject
Global
	GlobalSection(SolutionConfigurationPlatforms) = preSolution
		Debug|Any CPU = Debug|Any CPU
		Release|Any CPU = Release|Any CPU
	EndGlobalSection
	GlobalSection(ProjectConfigurationPlatforms) = postSolution
		{DC239497-66DB-4595-AC1A-0175D5E3919E}.Debug|Any CPU.ActiveCfg = Debug|Any CPU
		{DC239497-66DB-4595-AC1A-0175D5E3919E}.Debug|Any CPU.Build.0 = Debug|Any CPU
		{DC239497-66DB-4595-AC1A-0175D5E3919E}.Release|Any CPU.ActiveCfg = Release|Any CPU
		{DC239497-66DB-4595-AC1A-0175D5E3919E}.Release|Any CPU.Build.0 = Release|Any CPU
	EndGlobalSection
	GlobalSection(SolutionProperties) = preSolution
		HideSolutionNode = FALSE
	EndGlobalSection
EndGlobal
